
Microsoft Visual Studio Solution File, Format Version 12.00
# Visual Studio Version 17
VisualStudioVersion = 17.14.36212.18 d17.14
MinimumVisualStudioVersion = 10.0.40219.1
Project("{FAE04EC0-301F-11D3-BF4B-00C04F79EFBC}") = "BasicCalculator", "BasicCalculator\BasicCalculator.csproj", "{C9FD5BD0-6EE3-4D53-9426-870A763211AB}"
EndProject
Global
	GlobalSection(SolutionConfigurationPlatforms) = preSolution
		Debug|Any CPU = Debug|Any CPU
		Release|Any CPU = Release|Any CPU
	EndGlobalSection
	GlobalSection(ProjectConfigurationPlatforms) = postSolution
		{C9FD5BD0-6EE3-4D53-9426-870A763211AB}.Debug|Any CPU.ActiveCfg = Debug|Any CPU
		{C9FD5BD0-6EE3-4D53-9426-870A763211AB}.Debug|Any CPU.Build.0 = Debug|Any CPU
		{C9FD5BD0-6EE3-4D53-9426-870A763211AB}.Release|Any CPU.ActiveCfg = Release|Any CPU
		{C9FD5BD0-6EE3-4D53-9426-870A763211AB}.Release|Any CPU.Build.0 = Release|Any CPU
	EndGlobalSection
	GlobalSection(SolutionProperties) = preSolution
		HideSolutionNode = FALSE
	EndGlobalSection
	GlobalSection(ExtensibilityGlobals) = postSolution
		SolutionGuid = {3824DEF4-A103-4277-B249-A234F9779A53}
	EndGlobalSection
EndGlobal
